{
  "requires": true,
  "lockfileVersion": 1,
  "dependencies": {
    "@ckeditor/ckeditor5-angular": {
      "version": "1.2.3",
      "resolved": "https://registry.npmjs.org/@ckeditor/ckeditor5-angular/-/ckeditor5-angular-1.2.3.tgz",
      "integrity": "sha512-A1dZ7TVhlHTCvBjh9xAQvTX2alMkwE3pbTeOXfPt6AyamhVDnBVKbCa5eDaSd6xeeQHvsqtmMgNHQJn4AhH5mg==",
      "requires": {
        "@ckeditor/ckeditor5-watchdog": "^17.0.0",
        "tslib": "^1.9.0"
      }
    },
    "@ckeditor/ckeditor5-build-classic": {
      "version": "21.0.0",
      "resolved": "https://registry.npmjs.org/@ckeditor/ckeditor5-build-classic/-/ckeditor5-build-classic-21.0.0.tgz",
      "integrity": "sha512-IYPXmc5Np7SzJVJbGNZk3OZEHnZ/WylbN1aFyfYdKMch9Be8mrCB9QQOqfsAEKD4SjXujYvn1jL0mM/EPZ8ECw=="
    },
    "@ckeditor/ckeditor5-watchdog": {
      "version": "17.0.0",
      "resolved": "https://registry.npmjs.org/@ckeditor/ckeditor5-watchdog/-/ckeditor5-watchdog-17.0.0.tgz",
      "integrity": "sha512-qwRYWjv6qYuHD3tj4qB7XtuRGQteVtaoVl2Mzg8pNRP85WbTssZxQgDno951pPqR67Mqxe9YwxtrNMiZfQesrw==",
      "requires": {
        "lodash-es": "^4.17.10"
      }
    },
    "lodash-es": {
      "version": "4.17.15",
      "resolved": "https://registry.npmjs.org/lodash-es/-/lodash-es-4.17.15.tgz",
      "integrity": "sha512-rlrc3yU3+JNOpZ9zj5pQtxnx2THmvRykwL4Xlxoa8I9lHBlVbbyPhgyPMioxVZ4NqyxaVVtaJnzsyOidQIhyyQ=="
    },
    "tslib": {
      "version": "1.13.0",
      "resolved": "https://registry.npmjs.org/tslib/-/tslib-1.13.0.tgz",
      "integrity": "sha512-i/6DQjL8Xf3be4K/E6Wgpekn5Qasl1usyw++dAA35Ue5orEn65VIxOA+YvNNl9HV3qv70T7CNwjODHZrLwvd1Q=="
    }
  }
}
